
Microsoft Visual Studio Solution File, Format Version 12.00
Project("{FAE04EC0-301F-11D3-BF4B-00C04F79EFBC}") = "Tests", "Tests\Tests.csproj", "{9FF9B2B6-6D43-4B27-997C-41E6A97EE6FE}"
EndProject
Project("{FAE04EC0-301F-11D3-BF4B-00C04F79EFBC}") = "ConsoleUi", "ConsoleUi\ConsoleUi.csproj", "{54AD22B9-9DA0-413A-8EA9-E1686FF1F59A}"
EndProject
Project("{FAE04EC0-301F-11D3-BF4B-00C04F79EFBC}") = "Domain", "Domain\Domain.csproj", "{1FC3566A-F222-46BF-BEAE-235678D59495}"
EndProject
Project("{FAE04EC0-301F-11D3-BF4B-00C04F79EFBC}") = "MongoDbAdapter", "MongoDbAdapter\MongoDbAdapter.csproj", "{D1BFFA43-70F1-46D3-B9CF-7FD5D1F6F355}"
EndProject
Project("{FAE04EC0-301F-11D3-BF4B-00C04F79EFBC}") = "IntegrationTests", "IntegrationTests\IntegrationTests.csproj", "{1A4700DE-E05C-4644-AFB8-5A56BBAF34B5}"
EndProject
Project("{FAE04EC0-301F-11D3-BF4B-00C04F79EFBC}") = "Ports", "Ports\Ports.csproj", "{0EFEBDFB-0DC9-455F-8640-3BB53F7E8C87}"
EndProject
Project("{FAE04EC0-301F-11D3-BF4B-00C04F79EFBC}") = "DomainServices", "DomainServices\DomainServices.csproj", "{3F474B00-64B7-4B8F-91F5-60D60D596FB7}"
EndProject
Project("{FAE04EC0-301F-11D3-BF4B-00C04F79EFBC}") = "Infrastructure", "Infrastructure\Infrastructure.csproj", "{D92B23DD-C10E-4FC2-8C28-A3BDE46FFF1A}"
EndProject
Project("{FAE04EC0-301F-11D3-BF4B-00C04F79EFBC}") = "ApplicationWireUp", "ApplicationWireUp\ApplicationWireUp.csproj", "{7BE54988-16B0-461E-A4E6-4404E9633FC1}"
EndProject
Global
	GlobalSection(SolutionConfigurationPlatforms) = preSolution
		Debug|Any CPU = Debug|Any CPU
		Release|Any CPU = Release|Any CPU
	EndGlobalSection
	GlobalSection(ProjectConfigurationPlatforms) = postSolution
		{9FF9B2B6-6D43-4B27-997C-41E6A97EE6FE}.Debug|Any CPU.ActiveCfg = Debug|Any CPU
		{9FF9B2B6-6D43-4B27-997C-41E6A97EE6FE}.Debug|Any CPU.Build.0 = Debug|Any CPU
		{9FF9B2B6-6D43-4B27-997C-41E6A97EE6FE}.Release|Any CPU.ActiveCfg = Release|Any CPU
		{9FF9B2B6-6D43-4B27-997C-41E6A97EE6FE}.Release|Any CPU.Build.0 = Release|Any CPU
		{54AD22B9-9DA0-413A-8EA9-E1686FF1F59A}.Debug|Any CPU.ActiveCfg = Debug|Any CPU
		{54AD22B9-9DA0-413A-8EA9-E1686FF1F59A}.Debug|Any CPU.Build.0 = Debug|Any CPU
		{54AD22B9-9DA0-413A-8EA9-E1686FF1F59A}.Release|Any CPU.ActiveCfg = Release|Any CPU
		{54AD22B9-9DA0-413A-8EA9-E1686FF1F59A}.Release|Any CPU.Build.0 = Release|Any CPU
		{1FC3566A-F222-46BF-BEAE-235678D59495}.Debug|Any CPU.ActiveCfg = Debug|Any CPU
		{1FC3566A-F222-46BF-BEAE-235678D59495}.Debug|Any CPU.Build.0 = Debug|Any CPU
		{1FC3566A-F222-46BF-BEAE-235678D59495}.Release|Any CPU.ActiveCfg = Release|Any CPU
		{1FC3566A-F222-46BF-BEAE-235678D59495}.Release|Any CPU.Build.0 = Release|Any CPU
		{D1BFFA43-70F1-46D3-B9CF-7FD5D1F6F355}.Debug|Any CPU.ActiveCfg = Debug|Any CPU
		{D1BFFA43-70F1-46D3-B9CF-7FD5D1F6F355}.Debug|Any CPU.Build.0 = Debug|Any CPU
		{D1BFFA43-70F1-46D3-B9CF-7FD5D1F6F355}.Release|Any CPU.ActiveCfg = Release|Any CPU
		{D1BFFA43-70F1-46D3-B9CF-7FD5D1F6F355}.Release|Any CPU.Build.0 = Release|Any CPU
		{1A4700DE-E05C-4644-AFB8-5A56BBAF34B5}.Debug|Any CPU.ActiveCfg = Debug|Any CPU
		{1A4700DE-E05C-4644-AFB8-5A56BBAF34B5}.Debug|Any CPU.Build.0 = Debug|Any CPU
		{1A4700DE-E05C-4644-AFB8-5A56BBAF34B5}.Release|Any CPU.ActiveCfg = Release|Any CPU
		{1A4700DE-E05C-4644-AFB8-5A56BBAF34B5}.Release|Any CPU.Build.0 = Release|Any CPU
		{0EFEBDFB-0DC9-455F-8640-3BB53F7E8C87}.Debug|Any CPU.ActiveCfg = Debug|Any CPU
		{0EFEBDFB-0DC9-455F-8640-3BB53F7E8C87}.Debug|Any CPU.Build.0 = Debug|Any CPU
		{0EFEBDFB-0DC9-455F-8640-3BB53F7E8C87}.Release|Any CPU.ActiveCfg = Release|Any CPU
		{0EFEBDFB-0DC9-455F-8640-3BB53F7E8C87}.Release|Any CPU.Build.0 = Release|Any CPU
		{3F474B00-64B7-4B8F-91F5-60D60D596FB7}.Debug|Any CPU.ActiveCfg = Debug|Any CPU
		{3F474B00-64B7-4B8F-91F5-60D60D596FB7}.Debug|Any CPU.Build.0 = Debug|Any CPU
		{3F474B00-64B7-4B8F-91F5-60D60D596FB7}.Release|Any CPU.ActiveCfg = Release|Any CPU
		{3F474B00-64B7-4B8F-91F5-60D60D596FB7}.Release|Any CPU.Build.0 = Release|Any CPU
		{D92B23DD-C10E-4FC2-8C28-A3BDE46FFF1A}.Debug|Any CPU.ActiveCfg = Debug|Any CPU
		{D92B23DD-C10E-4FC2-8C28-A3BDE46FFF1A}.Debug|Any CPU.Build.0 = Debug|Any CPU
		{D92B23DD-C10E-4FC2-8C28-A3BDE46FFF1A}.Release|Any CPU.ActiveCfg = Release|Any CPU
		{D92B23DD-C10E-4FC2-8C28-A3BDE46FFF1A}.Release|Any CPU.Build.0 = Release|Any CPU
		{7BE54988-16B0-461E-A4E6-4404E9633FC1}.Debug|Any CPU.ActiveCfg = Debug|Any CPU
		{7BE54988-16B0-461E-A4E6-4404E9633FC1}.Debug|Any CPU.Build.0 = Debug|Any CPU
		{7BE54988-16B0-461E-A4E6-4404E9633FC1}.Release|Any CPU.ActiveCfg = Release|Any CPU
		{7BE54988-16B0-461E-A4E6-4404E9633FC1}.Release|Any CPU.Build.0 = Release|Any CPU
	EndGlobalSection
EndGlobal
